
Microsoft Visual Studio Solution File, Format Version 12.00
# Visual Studio Version 17
VisualStudioVersion = 17.13.35931.197 d17.13
MinimumVisualStudioVersion = 10.0.40219.1
Project("{FAE04EC0-301F-11D3-BF4B-00C04F79EFBC}") = "Restaurant.API", "Restaurant.API.csproj", "{27B164A4-E629-4F21-B1B6-8C94486DB8B0}"
EndProject
Project("{FAE04EC0-301F-11D3-BF4B-00C04F79EFBC}") = "Restaurant.Application", "..\Restaurant.Application\Restaurant.Application.csproj", "{4C848153-EC19-47A8-92D5-D6107ACA06B2}"
EndProject
Project("{FAE04EC0-301F-11D3-BF4B-00C04F79EFBC}") = "Restaurant.Domain", "..\Restaurant.Domain\Restaurant.Domain.csproj", "{8783ECCD-9088-4FBE-8140-09BD0485C85C}"
EndProject
Project("{FAE04EC0-301F-11D3-BF4B-00C04F79EFBC}") = "Restaurant.Infrastructure", "..\Restaurant.Infrastructure\Restaurant.Infrastructure.csproj", "{E2388DB6-B6C4-406A-808A-66186ACF352C}"
EndProject
Global
	GlobalSection(SolutionConfigurationPlatforms) = preSolution
		Debug|Any CPU = Debug|Any CPU
		Release|Any CPU = Release|Any CPU
	EndGlobalSection
	GlobalSection(ProjectConfigurationPlatforms) = postSolution
		{27B164A4-E629-4F21-B1B6-8C94486DB8B0}.Debug|Any CPU.ActiveCfg = Debug|Any CPU
		{27B164A4-E629-4F21-B1B6-8C94486DB8B0}.Debug|Any CPU.Build.0 = Debug|Any CPU
		{27B164A4-E629-4F21-B1B6-8C94486DB8B0}.Release|Any CPU.ActiveCfg = Release|Any CPU
		{27B164A4-E629-4F21-B1B6-8C94486DB8B0}.Release|Any CPU.Build.0 = Release|Any CPU
		{4C848153-EC19-47A8-92D5-D6107ACA06B2}.Debug|Any CPU.ActiveCfg = Debug|Any CPU
		{4C848153-EC19-47A8-92D5-D6107ACA06B2}.Debug|Any CPU.Build.0 = Debug|Any CPU
		{4C848153-EC19-47A8-92D5-D6107ACA06B2}.Release|Any CPU.ActiveCfg = Release|Any CPU
		{4C848153-EC19-47A8-92D5-D6107ACA06B2}.Release|Any CPU.Build.0 = Release|Any CPU
		{8783ECCD-9088-4FBE-8140-09BD0485C85C}.Debug|Any CPU.ActiveCfg = Debug|Any CPU
		{8783ECCD-9088-4FBE-8140-09BD0485C85C}.Debug|Any CPU.Build.0 = Debug|Any CPU
		{8783ECCD-9088-4FBE-8140-09BD0485C85C}.Release|Any CPU.ActiveCfg = Release|Any CPU
		{8783ECCD-9088-4FBE-8140-09BD0485C85C}.Release|Any CPU.Build.0 = Release|Any CPU
		{E2388DB6-B6C4-406A-808A-66186ACF352C}.Debug|Any CPU.ActiveCfg = Debug|Any CPU
		{E2388DB6-B6C4-406A-808A-66186ACF352C}.Debug|Any CPU.Build.0 = Debug|Any CPU
		{E2388DB6-B6C4-406A-808A-66186ACF352C}.Release|Any CPU.ActiveCfg = Release|Any CPU
		{E2388DB6-B6C4-406A-808A-66186ACF352C}.Release|Any CPU.Build.0 = Release|Any CPU
	EndGlobalSection
	GlobalSection(SolutionProperties) = preSolution
		HideSolutionNode = FALSE
	EndGlobalSection
	GlobalSection(ExtensibilityGlobals) = postSolution
		SolutionGuid = {66F7CD3A-5794-4DC7-920A-99CE8DB558D3}
	EndGlobalSection
EndGlobal
